
Microsoft Visual Studio Solution File, Format Version 12.00
# Visual Studio 14
VisualStudioVersion = 14.0.25420.1
MinimumVisualStudioVersion = 10.0.40219.1
Project("{FAE04EC0-301F-11D3-BF4B-00C04F79EFBC}") = "XYSorter-Solution", "XYSorter-Solution\XYSorter-Solution.csproj", "{24165317-BF2A-4A94-A962-13B0D2AD94BF}"
EndProject
Global
	GlobalSection(SolutionConfigurationPlatforms) = preSolution
		Debug|Any CPU = Debug|Any CPU
		Release|Any CPU = Release|Any CPU
	EndGlobalSection
	GlobalSection(ProjectConfigurationPlatforms) = postSolution
		{24165317-BF2A-4A94-A962-13B0D2AD94BF}.Debug|Any CPU.ActiveCfg = Debug|Any CPU
		{24165317-BF2A-4A94-A962-13B0D2AD94BF}.Debug|Any CPU.Build.0 = Debug|Any CPU
		{24165317-BF2A-4A94-A962-13B0D2AD94BF}.Release|Any CPU.ActiveCfg = Release|Any CPU
		{24165317-BF2A-4A94-A962-13B0D2AD94BF}.Release|Any CPU.Build.0 = Release|Any CPU
	EndGlobalSection
	GlobalSection(SolutionProperties) = preSolution
		HideSolutionNode = FALSE
	EndGlobalSection
EndGlobal
